
Microsoft Visual Studio Solution File, Format Version 12.00
# Visual Studio Version 16
VisualStudioVersion = 16.0.30503.244
MinimumVisualStudioVersion = 10.0.40219.1
Project("{9A19103F-16F7-4668-BE54-9A1E7A4F7556}") = "Csh_7", "Csh_7\Csh_7.csproj", "{A5F9177B-3859-4B43-BF85-3D9A236DFE8A}"
EndProject
Project("{9A19103F-16F7-4668-BE54-9A1E7A4F7556}") = "Csh_7_library", "Csh_7_library\Csh_7_library.csproj", "{6A8230F7-B043-4E50-A9A0-DFBF3F282EE3}"
EndProject
Global
	GlobalSection(SolutionConfigurationPlatforms) = preSolution
		Debug|Any CPU = Debug|Any CPU
		Release|Any CPU = Release|Any CPU
	EndGlobalSection
	GlobalSection(ProjectConfigurationPlatforms) = postSolution
		{A5F9177B-3859-4B43-BF85-3D9A236DFE8A}.Debug|Any CPU.ActiveCfg = Debug|Any CPU
		{A5F9177B-3859-4B43-BF85-3D9A236DFE8A}.Debug|Any CPU.Build.0 = Debug|Any CPU
		{A5F9177B-3859-4B43-BF85-3D9A236DFE8A}.Release|Any CPU.ActiveCfg = Release|Any CPU
		{A5F9177B-3859-4B43-BF85-3D9A236DFE8A}.Release|Any CPU.Build.0 = Release|Any CPU
		{6A8230F7-B043-4E50-A9A0-DFBF3F282EE3}.Debug|Any CPU.ActiveCfg = Debug|Any CPU
		{6A8230F7-B043-4E50-A9A0-DFBF3F282EE3}.Debug|Any CPU.Build.0 = Debug|Any CPU
		{6A8230F7-B043-4E50-A9A0-DFBF3F282EE3}.Release|Any CPU.ActiveCfg = Release|Any CPU
		{6A8230F7-B043-4E50-A9A0-DFBF3F282EE3}.Release|Any CPU.Build.0 = Release|Any CPU
	EndGlobalSection
	GlobalSection(SolutionProperties) = preSolution
		HideSolutionNode = FALSE
	EndGlobalSection
	GlobalSection(ExtensibilityGlobals) = postSolution
		SolutionGuid = {CF412F26-6037-4091-94F1-111615B40BBC}
	EndGlobalSection
EndGlobal
